<?xml version="1.0" encoding="utf-8"?>
<Project ToolsVersion="4.0" xmlns="http://schemas.microsoft.com/developer/msbuild/2003">
  <ItemGroup>
    <Filter Include="Headers">
      <UniqueIdentifier>{93995380-89BD-4b04-88EB-625FBE52EBFB}</UniqueIdentifier>
      <Extensions>h;hpp;hxx;hm;inl;inc;xsd</Extensions>
    </Filter>
    <Filter Include="CPP">
      <UniqueIdentifier>{4FC737F1-C7A5-4376-A066-2A32D752A2FF}</UniqueIdentifier>
      <Extensions>cpp;c;cc;cxx;def;odl;idl;hpj;bat;asm;asmx</Extensions>
    </Filter>
  </ItemGroup>
  <ItemGroup>
    <ClCompile Include="VideoInfo.cpp">
      <Filter>CPP</Filter>
    </ClCompile>
    <ClCompile Include="VideoFrame.cpp">
      <Filter>CPP</Filter>
    </ClCompile>
    <ClCompile Include="Stdafx.cpp">
      <Filter>CPP</Filter>
    </ClCompile>
    <ClCompile Include="ScriptEnvironment.cpp">
      <Filter>CPP</Filter>
    </ClCompile>
    <ClCompile Include="NativeString.cpp">
      <Filter>CPP</Filter>
    </ClCompile>
    <ClCompile Include="FilterInit.cpp">
      <Filter>CPP</Filter>
    </ClCompile>
    <ClCompile Include="Clip.cpp">
      <Filter>CPP</Filter>
    </ClCompile>
    <ClCompile Include="AVSValueCollector.cpp">
      <Filter>CPP</Filter>
    </ClCompile>
    <ClCompile Include="AVSValue.cpp">
      <Filter>CPP</Filter>
    </ClCompile>
    <ClCompile Include="AvisynthFilterNativeStub.cpp">
      <Filter>CPP</Filter>
    </ClCompile>
    <ClCompile Include="AvisynthFilter.cpp">
      <Filter>CPP</Filter>
    </ClCompile>
    <ClCompile Include="AssemblyInfo.cpp">
      <Filter>CPP</Filter>
    </ClCompile>
    <ClCompile Include="ScriptEnvironment2.cpp">
      <Filter>CPP</Filter>
    </ClCompile>
    <ClCompile Include="VideoFrameCollector.cpp">
      <Filter>CPP</Filter>
    </ClCompile>
  </ItemGroup>
  <ItemGroup>
    <ClInclude Include="avisynth.h">
      <Filter>Headers</Filter>
    </ClInclude>
    <ClInclude Include="AvisynthFilter.h">
      <Filter>Headers</Filter>
    </ClInclude>
    <ClInclude Include="AvisynthFilterClassAttribute.h">
      <Filter>Headers</Filter>
    </ClInclude>
    <ClInclude Include="AvisynthFilterNativeStub.h">
      <Filter>Headers</Filter>
    </ClInclude>
    <ClInclude Include="AVSValue.h">
      <Filter>Headers</Filter>
    </ClInclude>
    <ClInclude Include="AVSValueCollector.h">
      <Filter>Headers</Filter>
    </ClInclude>
    <ClInclude Include="Clip.h">
      <Filter>Headers</Filter>
    </ClInclude>
    <ClInclude Include="Enumerations.h">
      <Filter>Headers</Filter>
    </ClInclude>
    <ClInclude Include="FilterInit.h">
      <Filter>Headers</Filter>
    </ClInclude>
    <ClInclude Include="FilterNotFoundException.h">
      <Filter>Headers</Filter>
    </ClInclude>
    <ClInclude Include="NativeString.h">
      <Filter>Headers</Filter>
    </ClInclude>
    <ClInclude Include="ScriptEnvironment.h">
      <Filter>Headers</Filter>
    </ClInclude>
    <ClInclude Include="Stdafx.h">
      <Filter>Headers</Filter>
    </ClInclude>
    <ClInclude Include="VarNotFoundException.h">
      <Filter>Headers</Filter>
    </ClInclude>
    <ClInclude Include="VideoFrame.h">
      <Filter>Headers</Filter>
    </ClInclude>
    <ClInclude Include="VideoInfo.h">
      <Filter>Headers</Filter>
    </ClInclude>
    <ClInclude Include="AvisynthException.h">
      <Filter>Headers</Filter>
    </ClInclude>
    <ClInclude Include="ScriptEnvironment2.h">
      <Filter>Headers</Filter>
    </ClInclude>
    <ClInclude Include="VideoFrameCollector.h">
      <Filter>Headers</Filter>
    </ClInclude>
  </ItemGroup>
  <ItemGroup>
    <None Include="ReadMe.txt" />
  </ItemGroup>
</Project>